
Microsoft Visual Studio Solution File, Format Version 12.00
# Visual Studio 15
VisualStudioVersion = 15.0.28307.168
MinimumVisualStudioVersion = 10.0.40219.1
Project("{FAE04EC0-301F-11D3-BF4B-00C04F79EFBC}") = "CSharpInDepth", "CSharpInDepth\CSharpInDepth.csproj", "{2C83680C-A0AB-4763-A106-33C27928ADBD}"
EndProject
Project("{FAE04EC0-301F-11D3-BF4B-00C04F79EFBC}") = "Chapter1", "Chapter1\Chapter1.csproj", "{E2ECEA7A-7A11-4F87-BF8C-E93F707AC7C9}"
EndProject
Global
	GlobalSection(SolutionConfigurationPlatforms) = preSolution
		Debug|Any CPU = Debug|Any CPU
		Release|Any CPU = Release|Any CPU
	EndGlobalSection
	GlobalSection(ProjectConfigurationPlatforms) = postSolution
		{2C83680C-A0AB-4763-A106-33C27928ADBD}.Debug|Any CPU.ActiveCfg = Debug|Any CPU
		{2C83680C-A0AB-4763-A106-33C27928ADBD}.Debug|Any CPU.Build.0 = Debug|Any CPU
		{2C83680C-A0AB-4763-A106-33C27928ADBD}.Release|Any CPU.ActiveCfg = Release|Any CPU
		{2C83680C-A0AB-4763-A106-33C27928ADBD}.Release|Any CPU.Build.0 = Release|Any CPU
		{E2ECEA7A-7A11-4F87-BF8C-E93F707AC7C9}.Debug|Any CPU.ActiveCfg = Debug|Any CPU
		{E2ECEA7A-7A11-4F87-BF8C-E93F707AC7C9}.Debug|Any CPU.Build.0 = Debug|Any CPU
		{E2ECEA7A-7A11-4F87-BF8C-E93F707AC7C9}.Release|Any CPU.ActiveCfg = Release|Any CPU
		{E2ECEA7A-7A11-4F87-BF8C-E93F707AC7C9}.Release|Any CPU.Build.0 = Release|Any CPU
	EndGlobalSection
	GlobalSection(SolutionProperties) = preSolution
		HideSolutionNode = FALSE
	EndGlobalSection
	GlobalSection(ExtensibilityGlobals) = postSolution
		SolutionGuid = {750FAFB1-FA53-4C80-BF97-DF76698058F7}
	EndGlobalSection
EndGlobal
